
Microsoft Visual Studio Solution File, Format Version 12.00
# Visual Studio 14
VisualStudioVersion = 14.0.25420.1
MinimumVisualStudioVersion = 10.0.40219.1
Project("{FAE04EC0-301F-11D3-BF4B-00C04F79EFBC}") = "LukeDotNet", "LukeDotNet\LukeDotNet.csproj", "{6A436C46-6878-4292-BF93-BBD5A516D9F6}"
EndProject
Project("{FAE04EC0-301F-11D3-BF4B-00C04F79EFBC}") = "LukeDotNetWPF", "LukeDotNetWPF\LukeDotNetWPF.csproj", "{16AACBE4-D914-4E23-8020-EA770E68D9D1}"
EndProject
Global
	GlobalSection(SolutionConfigurationPlatforms) = preSolution
		Debug|Any CPU = Debug|Any CPU
		Release|Any CPU = Release|Any CPU
	EndGlobalSection
	GlobalSection(ProjectConfigurationPlatforms) = postSolution
		{6A436C46-6878-4292-BF93-BBD5A516D9F6}.Debug|Any CPU.ActiveCfg = Debug|Any CPU
		{6A436C46-6878-4292-BF93-BBD5A516D9F6}.Debug|Any CPU.Build.0 = Debug|Any CPU
		{6A436C46-6878-4292-BF93-BBD5A516D9F6}.Release|Any CPU.ActiveCfg = Release|Any CPU
		{6A436C46-6878-4292-BF93-BBD5A516D9F6}.Release|Any CPU.Build.0 = Release|Any CPU
		{16AACBE4-D914-4E23-8020-EA770E68D9D1}.Debug|Any CPU.ActiveCfg = Debug|Any CPU
		{16AACBE4-D914-4E23-8020-EA770E68D9D1}.Debug|Any CPU.Build.0 = Debug|Any CPU
		{16AACBE4-D914-4E23-8020-EA770E68D9D1}.Release|Any CPU.ActiveCfg = Release|Any CPU
		{16AACBE4-D914-4E23-8020-EA770E68D9D1}.Release|Any CPU.Build.0 = Release|Any CPU
	EndGlobalSection
	GlobalSection(SolutionProperties) = preSolution
		HideSolutionNode = FALSE
	EndGlobalSection
EndGlobal
